lockfileVersion: '9.0'

settings:
  autoInstallPeers: true
  excludeLinksFromLockfile: false

importers:

  .:
    devDependencies:
      '@ai-sdk/openai':
        specifier: ^2.0.76
        version: 2.0.76(zod@4.1.13)
      '@napi-rs/cli':
        specifier: ^2.18.4
        version: 2.18.4
      ai:
        specifier: ^5.0.106
        version: 5.0.106(zod@4.1.13)
      ws:
        specifier: ^8.18.3
        version: 8.18.3
      zod:
        specifier: ^4.1.13
        version: 4.1.13
    optionalDependencies:
      '@concrete-security/atlas-node-darwin-arm64':
        specifier: 0.3.0
        version: 0.3.0
      '@concrete-security/atlas-node-darwin-x64':
        specifier: 0.3.0
        version: 0.3.0
      '@concrete-security/atlas-node-linux-arm64-gnu':
        specifier: 0.3.0
        version: 0.3.0
      '@concrete-security/atlas-node-linux-x64-gnu':
        specifier: 0.3.0
        version: 0.3.0
      '@concrete-security/atlas-node-win32-arm64-msvc':
        specifier: 0.3.0
        version: 0.3.0
      '@concrete-security/atlas-node-win32-x64-msvc':
        specifier: 0.3.0
        version: 0.3.0

packages:

  '@ai-sdk/gateway@2.0.18':
    resolution: {integrity: sha512-sDQcW+6ck2m0pTIHW6BPHD7S125WD3qNkx/B8sEzJp/hurocmJ5Cni0ybExg6sQMGo+fr/GWOwpHF1cmCdg5rQ==}
    engines: {node: '>=18'}
    peerDependencies:
      zod: ^3.25.76 || ^4.1.8

  '@ai-sdk/openai@2.0.76':
    resolution: {integrity: sha512-ryUkhTDVxe3D1GSAGc94vPZsJlSY8ZuBDLkpf4L81Dm7Ik5AgLfhQrZa8+0hD4kp0dxdVaIoxhpa3QOt1CmncA==}
    engines: {node: '>=18'}
    peerDependencies:
      zod: ^3.25.76 || ^4.1.8

  '@ai-sdk/provider-utils@3.0.18':
    resolution: {integrity: sha512-ypv1xXMsgGcNKUP+hglKqtdDuMg68nWHucPPAhIENrbFAI+xCHiqPVN8Zllxyv1TNZwGWUghPxJXU+Mqps0YRQ==}
    engines: {node: '>=18'}
    peerDependencies:
      zod: ^3.25.76 || ^4.1.8

  '@ai-sdk/provider@2.0.0':
    resolution: {integrity: sha512-6o7Y2SeO9vFKB8lArHXehNuusnpddKPk7xqL7T2/b+OvXMRIXUO1rR4wcv1hAFUAT9avGZshty3Wlua/XA7TvA==}
    engines: {node: '>=18'}

  '@concrete-security/atlas-node-darwin-arm64@0.3.0':
    resolution: {integrity: sha512-Z0pQOPy5H6K0C3QzjLQ+OzeUaCpdgiNcE3qSNMS1jzRcLn+edjxTXn9Le+psIMa1CPb4BbBoYqPqn/k4i1uFSA==}
    engines: {node: '>=18'}
    cpu: [arm64]
    os: [darwin]

  '@concrete-security/atlas-node-darwin-x64@0.3.0':
    resolution: {integrity: sha512-dkp5qywcJ0M51i0HxtXM1ttXajMMYzqc3uHRwNwf3GvcieeGchdyfrU2aYPww2LJ6F5RB/3SIz+ZRO2Vv5JIRw==}
    engines: {node: '>=18'}
    cpu: [x64]
    os: [darwin]

  '@concrete-security/atlas-node-linux-arm64-gnu@0.3.0':
    resolution: {integrity: sha512-BGhBTz5VK4O22IqyxtJR8nMa36ZoF6IAoJfwV/Uw8Rgk5uXHbIMltwaAXE/j/It/ywd0sofXx1jpTL00LW6c4A==}
    engines: {node: '>=18'}
    cpu: [arm64]
    os: [linux]

  '@concrete-security/atlas-node-linux-x64-gnu@0.3.0':
    resolution: {integrity: sha512-pzIdsyb7bca256Wt+F+bqVYisnvTUbxlyd9D45RjQb2p2U8PDk2o/CdvYmyXWrRzM76Z7lackNQky7+wYJVyTA==}
    engines: {node: '>=18'}
    cpu: [x64]
    os: [linux]

  '@concrete-security/atlas-node-win32-arm64-msvc@0.3.0':
    resolution: {integrity: sha512-iSaSRKBHWqfB4nYzT0ECsoOOjbW81SqyqGZVIXSCC4xeedgVkalfjK/KshZO5OqYq5CFbgqyt9u3P/FpCXalVA==}
    engines: {node: '>=18'}
    cpu: [arm64]
    os: [win32]

  '@concrete-security/atlas-node-win32-x64-msvc@0.3.0':
    resolution: {integrity: sha512-c2ahZ9xodyuMMMb6TMmbfCeOeacm0yqW66p+cP7vbZvR7fnrvBb2vXiZZyjMZarqEFaSvZSWSQNtJ4bFejdu7A==}
    engines: {node: '>=18'}
    cpu: [x64]
    os: [win32]

  '@napi-rs/cli@2.18.4':
    resolution: {integrity: sha512-SgJeA4df9DE2iAEpr3M2H0OKl/yjtg1BnRI5/JyowS71tUWhrfSu2LT0V3vlHET+g1hBVlrO60PmEXwUEKp8Mg==}
    engines: {node: '>= 10'}
    hasBin: true

  '@opentelemetry/api@1.9.0':
    resolution: {integrity: sha512-3giAOQvZiH5F9bMlMiv8+GSPMeqg0dbaeo58/0SlA9sxSqZhnUtxzX9/2FzyhS9sWQf5S0GJE0AKBrFqjpeYcg==}
    engines: {node: '>=8.0.0'}

  '@standard-schema/spec@1.0.0':
    resolution: {integrity: sha512-m2bOd0f2RT9k8QJx1JN85cZYyH1RqFBdlwtkSlf4tBDYLCiiZnv1fIIwacK6cqwXavOydf0NPToMQgpKq+dVlA==}

  '@vercel/oidc@3.0.5':
    resolution: {integrity: sha512-fnYhv671l+eTTp48gB4zEsTW/YtRgRPnkI2nT7x6qw5rkI1Lq2hTmQIpHPgyThI0znLK+vX2n9XxKdXZ7BUbbw==}
    engines: {node: '>= 20'}

  ai@5.0.106:
    resolution: {integrity: sha512-M5obwavxSJJ3tGlAFqI6eltYNJB0D20X6gIBCFx/KVorb/X1fxVVfiZZpZb+Gslu4340droSOjT0aKQFCarNVg==}
    engines: {node: '>=18'}
    peerDependencies:
      zod: ^3.25.76 || ^4.1.8

  eventsource-parser@3.0.6:
    resolution: {integrity: sha512-Vo1ab+QXPzZ4tCa8SwIHJFaSzy4R6SHf7BY79rFBDf0idraZWAkYrDjDj8uWaSm3S2TK+hJ7/t1CEmZ7jXw+pg==}
    engines: {node: '>=18.0.0'}

  json-schema@0.4.0:
    resolution: {integrity: sha512-es94M3nTIfsEPisRafak+HDLfHXnKBhV3vU5eqPcS3flIWqcxJWgXHXiey3YrpaNsanY5ei1VoYEbOzijuq9BA==}

  ws@8.18.3:
    resolution: {integrity: sha512-PEIGCY5tSlUt50cqyMXfCzX+oOPqN0vuGqWzbcJ2xvnkzkq46oOpz7dQaTDBdfICb4N14+GARUDw2XV2N4tvzg==}
    engines: {node: '>=10.0.0'}
    peerDependencies:
      bufferutil: ^4.0.1
      utf-8-validate: '>=5.0.2'
    peerDependenciesMeta:
      bufferutil:
        optional: true
      utf-8-validate:
        optional: true

  zod@4.1.13:
    resolution: {integrity: sha512-AvvthqfqrAhNH9dnfmrfKzX5upOdjUVJYFqNSlkmGf64gRaTzlPwz99IHYnVs28qYAybvAlBV+H7pn0saFY4Ig==}

snapshots:

  '@ai-sdk/gateway@2.0.18(zod@4.1.13)':
    dependencies:
      '@ai-sdk/provider': 2.0.0
      '@ai-sdk/provider-utils': 3.0.18(zod@4.1.13)
      '@vercel/oidc': 3.0.5
      zod: 4.1.13

  '@ai-sdk/openai@2.0.76(zod@4.1.13)':
    dependencies:
      '@ai-sdk/provider': 2.0.0
      '@ai-sdk/provider-utils': 3.0.18(zod@4.1.13)
      zod: 4.1.13

  '@ai-sdk/provider-utils@3.0.18(zod@4.1.13)':
    dependencies:
      '@ai-sdk/provider': 2.0.0
      '@standard-schema/spec': 1.0.0
      eventsource-parser: 3.0.6
      zod: 4.1.13

  '@ai-sdk/provider@2.0.0':
    dependencies:
      json-schema: 0.4.0

  '@concrete-security/atlas-node-darwin-arm64@0.3.0':
    optional: true

  '@concrete-security/atlas-node-darwin-x64@0.3.0':
    optional: true

  '@concrete-security/atlas-node-linux-arm64-gnu@0.3.0':
    optional: true

  '@concrete-security/atlas-node-linux-x64-gnu@0.3.0':
    optional: true

  '@concrete-security/atlas-node-win32-arm64-msvc@0.3.0':
    optional: true

  '@concrete-security/atlas-node-win32-x64-msvc@0.3.0':
    optional: true

  '@napi-rs/cli@2.18.4': {}

  '@opentelemetry/api@1.9.0': {}

  '@standard-schema/spec@1.0.0': {}

  '@vercel/oidc@3.0.5': {}

  ai@5.0.106(zod@4.1.13):
    dependencies:
      '@ai-sdk/gateway': 2.0.18(zod@4.1.13)
      '@ai-sdk/provider': 2.0.0
      '@ai-sdk/provider-utils': 3.0.18(zod@4.1.13)
      '@opentelemetry/api': 1.9.0
      zod: 4.1.13

  eventsource-parser@3.0.6: {}

  json-schema@0.4.0: {}

  ws@8.18.3: {}

  zod@4.1.13: {}
